
Microsoft Visual Studio Solution File, Format Version 12.00
# Visual Studio Version 16
VisualStudioVersion = 16.0.30413.136
MinimumVisualStudioVersion = 10.0.40219.1
Project("{2150E333-8FDC-42A3-9474-1A3956D46DE8}") = "src", "src", "{76FEF72C-A673-47B3-9108-940283AB1DCE}"
EndProject
Project("{2150E333-8FDC-42A3-9474-1A3956D46DE8}") = "tests", "tests", "{9AA116A8-0C8A-410B-82C4-EE8D24F92F6F}"
EndProject
Project("{9A19103F-16F7-4668-BE54-9A1E7A4F7556}") = "Shop.Api", "src\Shop.Api\Shop.Api.csproj", "{C0B5C064-FCA4-40E9-93DD-290F28DEA452}"
EndProject
Project("{9A19103F-16F7-4668-BE54-9A1E7A4F7556}") = "Shop.Infrastructure", "src\Shop.Infrastructure\Shop.Infrastructure.csproj", "{9E2EF12F-B876-4F39-973F-F90B3961C612}"
EndProject
Project("{9A19103F-16F7-4668-BE54-9A1E7A4F7556}") = "Shop.Persitence", "src\Shop.Persitence\Shop.Persitence.csproj", "{398D2C70-A51D-4A7A-BAE7-4B5A6274086B}"
EndProject
Project("{9A19103F-16F7-4668-BE54-9A1E7A4F7556}") = "Shop.Application", "src\Shop.Application\Shop.Application.csproj", "{F923ADC1-973F-42E3-9280-BC2035FA461D}"
EndProject
Project("{9A19103F-16F7-4668-BE54-9A1E7A4F7556}") = "Shop.Tests", "tests\Shop.Tests\Shop.Tests.csproj", "{F62403A5-E774-4C87-9310-E3602E460EDB}"
EndProject
Project("{2150E333-8FDC-42A3-9474-1A3956D46DE8}") = "Solution Items", "Solution Items", "{BF8D6790-E649-455A-B258-163F9DA27DE8}"
EndProject
Global
	GlobalSection(SolutionConfigurationPlatforms) = preSolution
		Debug|Any CPU = Debug|Any CPU
		Release|Any CPU = Release|Any CPU
	EndGlobalSection
	GlobalSection(ProjectConfigurationPlatforms) = postSolution
		{C0B5C064-FCA4-40E9-93DD-290F28DEA452}.Debug|Any CPU.ActiveCfg = Debug|Any CPU
		{C0B5C064-FCA4-40E9-93DD-290F28DEA452}.Debug|Any CPU.Build.0 = Debug|Any CPU
		{C0B5C064-FCA4-40E9-93DD-290F28DEA452}.Release|Any CPU.ActiveCfg = Release|Any CPU
		{C0B5C064-FCA4-40E9-93DD-290F28DEA452}.Release|Any CPU.Build.0 = Release|Any CPU
		{9E2EF12F-B876-4F39-973F-F90B3961C612}.Debug|Any CPU.ActiveCfg = Debug|Any CPU
		{9E2EF12F-B876-4F39-973F-F90B3961C612}.Debug|Any CPU.Build.0 = Debug|Any CPU
		{9E2EF12F-B876-4F39-973F-F90B3961C612}.Release|Any CPU.ActiveCfg = Release|Any CPU
		{9E2EF12F-B876-4F39-973F-F90B3961C612}.Release|Any CPU.Build.0 = Release|Any CPU
		{398D2C70-A51D-4A7A-BAE7-4B5A6274086B}.Debug|Any CPU.ActiveCfg = Debug|Any CPU
		{398D2C70-A51D-4A7A-BAE7-4B5A6274086B}.Debug|Any CPU.Build.0 = Debug|Any CPU
		{398D2C70-A51D-4A7A-BAE7-4B5A6274086B}.Release|Any CPU.ActiveCfg = Release|Any CPU
		{398D2C70-A51D-4A7A-BAE7-4B5A6274086B}.Release|Any CPU.Build.0 = Release|Any CPU
		{F923ADC1-973F-42E3-9280-BC2035FA461D}.Debug|Any CPU.ActiveCfg = Debug|Any CPU
		{F923ADC1-973F-42E3-9280-BC2035FA461D}.Debug|Any CPU.Build.0 = Debug|Any CPU
		{F923ADC1-973F-42E3-9280-BC2035FA461D}.Release|Any CPU.ActiveCfg = Release|Any CPU
		{F923ADC1-973F-42E3-9280-BC2035FA461D}.Release|Any CPU.Build.0 = Release|Any CPU
		{F62403A5-E774-4C87-9310-E3602E460EDB}.Debug|Any CPU.ActiveCfg = Debug|Any CPU
		{F62403A5-E774-4C87-9310-E3602E460EDB}.Debug|Any CPU.Build.0 = Debug|Any CPU
		{F62403A5-E774-4C87-9310-E3602E460EDB}.Release|Any CPU.ActiveCfg = Release|Any CPU
		{F62403A5-E774-4C87-9310-E3602E460EDB}.Release|Any CPU.Build.0 = Release|Any CPU
	EndGlobalSection
	GlobalSection(SolutionProperties) = preSolution
		HideSolutionNode = FALSE
	EndGlobalSection
	GlobalSection(NestedProjects) = preSolution
		{C0B5C064-FCA4-40E9-93DD-290F28DEA452} = {76FEF72C-A673-47B3-9108-940283AB1DCE}
		{9E2EF12F-B876-4F39-973F-F90B3961C612} = {76FEF72C-A673-47B3-9108-940283AB1DCE}
		{398D2C70-A51D-4A7A-BAE7-4B5A6274086B} = {76FEF72C-A673-47B3-9108-940283AB1DCE}
		{F923ADC1-973F-42E3-9280-BC2035FA461D} = {76FEF72C-A673-47B3-9108-940283AB1DCE}
		{F62403A5-E774-4C87-9310-E3602E460EDB} = {9AA116A8-0C8A-410B-82C4-EE8D24F92F6F}
	EndGlobalSection
	GlobalSection(ExtensibilityGlobals) = postSolution
		SolutionGuid = {25123865-E42A-490E-8B0A-29CE7E8E6408}
	EndGlobalSection
EndGlobal
